
Microsoft Visual Studio Solution File, Format Version 12.00
# Visual Studio 15
VisualStudioVersion = 15.0.27130.2010
MinimumVisualStudioVersion = 10.0.40219.1
Project("{FAE04EC0-301F-11D3-BF4B-00C04F79EFBC}") = "FocusConsultant", "FocusConsultant\FocusConsultant.csproj", "{024DB6E5-05DE-4DF3-8E74-E41A8547CF2C}"
EndProject
Global
	GlobalSection(SolutionConfigurationPlatforms) = preSolution
		Debug|Any CPU = Debug|Any CPU
		Release|Any CPU = Release|Any CPU
	EndGlobalSection
	GlobalSection(ProjectConfigurationPlatforms) = postSolution
		{024DB6E5-05DE-4DF3-8E74-E41A8547CF2C}.Debug|Any CPU.ActiveCfg = Debug|Any CPU
		{024DB6E5-05DE-4DF3-8E74-E41A8547CF2C}.Debug|Any CPU.Build.0 = Debug|Any CPU
		{024DB6E5-05DE-4DF3-8E74-E41A8547CF2C}.Release|Any CPU.ActiveCfg = Release|Any CPU
		{024DB6E5-05DE-4DF3-8E74-E41A8547CF2C}.Release|Any CPU.Build.0 = Release|Any CPU
	EndGlobalSection
	GlobalSection(SolutionProperties) = preSolution
		HideSolutionNode = FALSE
	EndGlobalSection
	GlobalSection(ExtensibilityGlobals) = postSolution
		SolutionGuid = {C26E43CA-F1B2-4920-8EE4-32F97581743F}
	EndGlobalSection
EndGlobal
